// !$*UTF8*$!
{
	archiveVersion = 1;
	classes = {
	};
	objectVersion = 52;
	objects = {

/* Begin PBXBuildFile section */
		C38FD2DA2789BBEA00F2F741 /* NewConversationViewController.swift in Sources */ = {isa = PBXBuildFile; fileRef = C38FD2D92789BBE900F2F741 /* NewConversationViewController.swift */; };
		C38FD2DC278AA97100F2F741 /* StorageManager.swift in Sources */ = {isa = PBXBuildFile; fileRef = C38FD2DB278AA97100F2F741 /* StorageManager.swift */; };
		C3B3061B2784B46F00097036 /* AppDelegate.swift in Sources */ = {isa = PBXBuildFile; fileRef = C3B3061A2784B46F00097036 /* AppDelegate.swift */; };
		C3B3061D2784B46F00097036 /* SceneDelegate.swift in Sources */ = {isa = PBXBuildFile; fileRef = C3B3061C2784B46F00097036 /* SceneDelegate.swift */; };
		C3B306222784B46F00097036 /* Main.storyboard in Resources */ = {isa = PBXBuildFile; fileRef = C3B306202784B46F00097036 /* Main.storyboard */; };
		C3B306242784B47100097036 /* Assets.xcassets in Resources */ = {isa = PBXBuildFile; fileRef = C3B306232784B47100097036 /* Assets.xcassets */; };
		C3B306272784B47100097036 /* LaunchScreen.storyboard in Resources */ = {isa = PBXBuildFile; fileRef = C3B306252784B47100097036 /* LaunchScreen.storyboard */; };
		C3B3063B2786F34C00097036 /* LoginViewController.swift in Sources */ = {isa = PBXBuildFile; fileRef = C3B3063A2786F34C00097036 /* LoginViewController.swift */; };
		C3B3063D2786F3A900097036 /* RegisterViewController.swift in Sources */ = {isa = PBXBuildFile; fileRef = C3B3063C2786F3A900097036 /* RegisterViewController.swift */; };
		C3B3063F2788B27A00097036 /* GoogleService-Info.plist in Resources */ = {isa = PBXBuildFile; fileRef = C3B3063E2788B27A00097036 /* GoogleService-Info.plist */; };
		C3B306422788B66800097036 /* FirebaseAnalytics in Frameworks */ = {isa = PBXBuildFile; productRef = C3B306412788B66800097036 /* FirebaseAnalytics */; };
		C3B306442788B66800097036 /* FirebaseStorage in Frameworks */ = {isa = PBXBuildFile; productRef = C3B306432788B66800097036 /* FirebaseStorage */; };
		C3B306462788B66800097036 /* FirebaseAuth in Frameworks */ = {isa = PBXBuildFile; productRef = C3B306452788B66800097036 /* FirebaseAuth */; };
		C3B306482788B66800097036 /* FirebaseDatabase in Frameworks */ = {isa = PBXBuildFile; productRef = C3B306472788B66800097036 /* FirebaseDatabase */; };
		C3B3064A2788E06300097036 /* DatabaseManger.swift in Sources */ = {isa = PBXBuildFile; fileRef = C3B306492788E06300097036 /* DatabaseManger.swift */; };
		C3B3064C278955CC00097036 /* ProfileViewController.swift in Sources */ = {isa = PBXBuildFile; fileRef = C3B3064B278955CC00097036 /* ProfileViewController.swift */; };
		C3B3065127896EEA00097036 /* MessageKit in Frameworks */ = {isa = PBXBuildFile; productRef = C3B3065027896EEA00097036 /* MessageKit */; };
		C3B3065327896FD800097036 /* ChatViewController.swift in Sources */ = {isa = PBXBuildFile; fileRef = C3B3065227896FD800097036 /* ChatViewController.swift */; };
		C3B3065627897BB900097036 /* JGProgressHUD in Frameworks */ = {isa = PBXBuildFile; productRef = C3B3065527897BB900097036 /* JGProgressHUD */; };
		C3B30658278991B300097036 /* ConversationsViewController.swift in Sources */ = {isa = PBXBuildFile; fileRef = C3B30657278991B300097036 /* ConversationsViewController.swift */; };
/* End PBXBuildFile section */

/* Begin PBXFileReference section */
		C38FD2D92789BBE900F2F741 /* NewConversationViewController.swift */ = {isa = PBXFileReference; fileEncoding = 4; lastKnownFileType = sourcecode.swift; path = NewConversationViewController.swift; sourceTree = "<group>"; };
		C38FD2DB278AA97100F2F741 /* StorageManager.swift */ = {isa = PBXFileReference; lastKnownFileType = sourcecode.swift; path = StorageManager.swift; sourceTree = "<group>"; };
		C3B306172784B46F00097036 /* MessengerApp.app */ = {isa = PBXFileReference; explicitFileType = wrapper.application; includeInIndex = 0; path = MessengerApp.app; sourceTree = BUILT_PRODUCTS_DIR; };
		C3B3061A2784B46F00097036 /* AppDelegate.swift */ = {isa = PBXFileReference; lastKnownFileType = sourcecode.swift; path = AppDelegate.swift; sourceTree = "<group>"; };
		C3B3061C2784B46F00097036 /* SceneDelegate.swift */ = {isa = PBXFileReference; lastKnownFileType = sourcecode.swift; path = SceneDelegate.swift; sourceTree = "<group>"; };
		C3B306212784B46F00097036 /* Base */ = {isa = PBXFileReference; lastKnownFileType = file.storyboard; name = Base; path = Base.lproj/Main.storyboard; sourceTree = "<group>"; };
		C3B306232784B47100097036 /* Assets.xcassets */ = {isa = PBXFileReference; lastKnownFileType = folder.assetcatalog; path = Assets.xcassets; sourceTree = "<group>"; };
		C3B306262784B47100097036 /* Base */ = {isa = PBXFileReference; lastKnownFileType = file.storyboard; name = Base; path = Base.lproj/LaunchScreen.storyboard; sourceTree = "<group>"; };
		C3B306282784B47100097036 /* Info.plist */ = {isa = PBXFileReference; lastKnownFileType = text.plist.xml; path = Info.plist; sourceTree = "<group>"; };
		C3B3063A2786F34C00097036 /* LoginViewController.swift */ = {isa = PBXFileReference; lastKnownFileType = sourcecode.swift; path = LoginViewController.swift; sourceTree = "<group>"; };
		C3B3063C2786F3A900097036 /* RegisterViewController.swift */ = {isa = PBXFileReference; lastKnownFileType = sourcecode.swift; path = RegisterViewController.swift; sourceTree = "<group>"; };
		C3B3063E2788B27A00097036 /* GoogleService-Info.plist */ = {isa = PBXFileReference; fileEncoding = 4; lastKnownFileType = text.plist.xml; path = "GoogleService-Info.plist"; sourceTree = "<group>"; };
		C3B306492788E06300097036 /* DatabaseManger.swift */ = {isa = PBXFileReference; lastKnownFileType = sourcecode.swift; path = DatabaseManger.swift; sourceTree = "<group>"; };
		C3B3064B278955CC00097036 /* ProfileViewController.swift */ = {isa = PBXFileReference; lastKnownFileType = sourcecode.swift; path = ProfileViewController.swift; sourceTree = "<group>"; };
		C3B3065227896FD800097036 /* ChatViewController.swift */ = {isa = PBXFileReference; lastKnownFileType = sourcecode.swift; path = ChatViewController.swift; sourceTree = "<group>"; };
		C3B30657278991B300097036 /* ConversationsViewController.swift */ = {isa = PBXFileReference; lastKnownFileType = sourcecode.swift; path = ConversationsViewController.swift; sourceTree = "<group>"; };
/* End PBXFileReference section */

/* Begin PBXFrameworksBuildPhase section */
		C3B306142784B46F00097036 /* Frameworks */ = {
			isa = PBXFrameworksBuildPhase;
			buildActionMask = 2147483647;
			files = (
				C3B306422788B66800097036 /* FirebaseAnalytics in Frameworks */,
				C3B306462788B66800097036 /* FirebaseAuth in Frameworks */,
				C3B306482788B66800097036 /* FirebaseDatabase in Frameworks */,
				C3B306442788B66800097036 /* FirebaseStorage in Frameworks */,
				C3B3065627897BB900097036 /* JGProgressHUD in Frameworks */,
				C3B3065127896EEA00097036 /* MessageKit in Frameworks */,
			);
			runOnlyForDeploymentPostprocessing = 0;
		};
/* End PBXFrameworksBuildPhase section */

/* Begin PBXGroup section */
		C3B3060E2784B46F00097036 = {
			isa = PBXGroup;
			children = (
				C3B306192784B46F00097036 /* MessengerApp */,
				C3B306182784B46F00097036 /* Products */,
			);
			sourceTree = "<group>";
		};
		C3B306182784B46F00097036 /* Products */ = {
			isa = PBXGroup;
			children = (
				C3B306172784B46F00097036 /* MessengerApp.app */,
			);
			name = Products;
			sourceTree = "<group>";
		};
		C3B306192784B46F00097036 /* MessengerApp */ = {
			isa = PBXGroup;
			children = (
				C38FD2D92789BBE900F2F741 /* NewConversationViewController.swift */,
				C3B3061A2784B46F00097036 /* AppDelegate.swift */,
				C3B3061C2784B46F00097036 /* SceneDelegate.swift */,
				C3B306202784B46F00097036 /* Main.storyboard */,
				C3B306232784B47100097036 /* Assets.xcassets */,
				C3B306252784B47100097036 /* LaunchScreen.storyboard */,
				C3B306282784B47100097036 /* Info.plist */,
				C3B3063A2786F34C00097036 /* LoginViewController.swift */,
				C3B3063C2786F3A900097036 /* RegisterViewController.swift */,
				C3B3063E2788B27A00097036 /* GoogleService-Info.plist */,
				C3B306492788E06300097036 /* DatabaseManger.swift */,
				C3B3064B278955CC00097036 /* ProfileViewController.swift */,
				C3B3065227896FD800097036 /* ChatViewController.swift */,
				C3B30657278991B300097036 /* ConversationsViewController.swift */,
				C38FD2DB278AA97100F2F741 /* StorageManager.swift */,
			);
			path = MessengerApp;
			sourceTree = "<group>";
		};
/* End PBXGroup section */

/* Begin PBXNativeTarget section */
		C3B306162784B46F00097036 /* MessengerApp */ = {
			isa = PBXNativeTarget;
			buildConfigurationList = C3B3062B2784B47100097036 /* Build configuration list for PBXNativeTarget "MessengerApp" */;
			buildPhases = (
				C3B306132784B46F00097036 /* Sources */,
				C3B306142784B46F00097036 /* Frameworks */,
				C3B306152784B46F00097036 /* Resources */,
			);
			buildRules = (
			);
			dependencies = (
			);
			name = MessengerApp;
			packageProductDependencies = (
				C3B306412788B66800097036 /* FirebaseAnalytics */,
				C3B306432788B66800097036 /* FirebaseStorage */,
				C3B306452788B66800097036 /* FirebaseAuth */,
				C3B306472788B66800097036 /* FirebaseDatabase */,
				C3B3065027896EEA00097036 /* MessageKit */,
				C3B3065527897BB900097036 /* JGProgressHUD */,
			);
			productName = MessengerApp;
			productReference = C3B306172784B46F00097036 /* MessengerApp.app */;
			productType = "com.apple.product-type.application";
		};
/* End PBXNativeTarget section */

/* Begin PBXProject section */
		C3B3060F2784B46F00097036 /* Project object */ = {
			isa = PBXProject;
			attributes = {
				LastSwiftUpdateCheck = 1250;
				LastUpgradeCheck = 1250;
				TargetAttributes = {
					C3B306162784B46F00097036 = {
						CreatedOnToolsVersion = 12.5.1;
					};
				};
			};
			buildConfigurationList = C3B306122784B46F00097036 /* Build configuration list for PBXProject "MessengerApp" */;
			compatibilityVersion = "Xcode 9.3";
			developmentRegion = en;
			hasScannedForEncodings = 0;
			knownRegions = (
				en,
				Base,
			);
			mainGroup = C3B3060E2784B46F00097036;
			packageReferences = (
				C3B306402788B66800097036 /* XCRemoteSwiftPackageReference "firebase-ios-sdk" */,
				C3B3064F27896EEA00097036 /* XCRemoteSwiftPackageReference "MessageKit" */,
				C3B3065427897BB900097036 /* XCRemoteSwiftPackageReference "JGProgressHUD" */,
			);
			productRefGroup = C3B306182784B46F00097036 /* Products */;
			projectDirPath = "";
			projectRoot = "";
			targets = (
				C3B306162784B46F00097036 /* MessengerApp */,
			);
		};
/* End PBXProject section */

/* Begin PBXResourcesBuildPhase section */
		C3B306152784B46F00097036 /* Resources */ = {
			isa = PBXResourcesBuildPhase;
			buildActionMask = 2147483647;
			files = (
				C3B306272784B47100097036 /* LaunchScreen.storyboard in Resources */,
				C3B3063F2788B27A00097036 /* GoogleService-Info.plist in Resources */,
				C3B306242784B47100097036 /* Assets.xcassets in Resources */,
				C3B306222784B46F00097036 /* Main.storyboard in Resources */,
			);
			runOnlyForDeploymentPostprocessing = 0;
		};
/* End PBXResourcesBuildPhase section */

/* Begin PBXSourcesBuildPhase section */
		C3B306132784B46F00097036 /* Sources */ = {
			isa = PBXSourcesBuildPhase;
			buildActionMask = 2147483647;
			files = (
				C3B3064C278955CC00097036 /* ProfileViewController.swift in Sources */,
				C3B3063B2786F34C00097036 /* LoginViewController.swift in Sources */,
				C3B3064A2788E06300097036 /* DatabaseManger.swift in Sources */,
				C3B3061B2784B46F00097036 /* AppDelegate.swift in Sources */,
				C3B3061D2784B46F00097036 /* SceneDelegate.swift in Sources */,
				C3B30658278991B300097036 /* ConversationsViewController.swift in Sources */,
				C38FD2DA2789BBEA00F2F741 /* NewConversationViewController.swift in Sources */,
				C38FD2DC278AA97100F2F741 /* StorageManager.swift in Sources */,
				C3B3065327896FD800097036 /* ChatViewController.swift in Sources */,
				C3B3063D2786F3A900097036 /* RegisterViewController.swift in Sources */,
			);
			runOnlyForDeploymentPostprocessing = 0;
		};
/* End PBXSourcesBuildPhase section */

/* Begin PBXVariantGroup section */
		C3B306202784B46F00097036 /* Main.storyboard */ = {
			isa = PBXVariantGroup;
			children = (
				C3B306212784B46F00097036 /* Base */,
			);
			name = Main.storyboard;
			sourceTree = "<group>";
		};
		C3B306252784B47100097036 /* LaunchScreen.storyboard */ = {
			isa = PBXVariantGroup;
			children = (
				C3B306262784B47100097036 /* Base */,
			);
			name = LaunchScreen.storyboard;
			sourceTree = "<group>";
		};
/* End PBXVariantGroup section */

/* Begin XCBuildConfiguration section */
		C3B306292784B47100097036 /* Debug */ = {
			isa = XCBuildConfiguration;
			buildSettings = {
				ALWAYS_SEARCH_USER_PATHS = NO;
				CLANG_ANALYZER_NONNULL = YES;
				CLANG_ANALYZER_NUMBER_OBJECT_CONVERSION = YES_AGGRESSIVE;
				CLANG_CXX_LANGUAGE_STANDARD = "gnu++14";
				CLANG_CXX_LIBRARY = "libc++";
				CLANG_ENABLE_MODULES = YES;
				CLANG_ENABLE_OBJC_ARC = YES;
				CLANG_ENABLE_OBJC_WEAK = YES;
				CLANG_WARN_BLOCK_CAPTURE_AUTORELEASING = YES;
				CLANG_WARN_BOOL_CONVERSION = YES;
				CLANG_WARN_COMMA = YES;
				CLANG_WARN_CONSTANT_CONVERSION = YES;
				CLANG_WARN_DEPRECATED_OBJC_IMPLEMENTATIONS = YES;
				CLANG_WARN_DIRECT_OBJC_ISA_USAGE = YES_ERROR;
				CLANG_WARN_DOCUMENTATION_COMMENTS = YES;
				CLANG_WARN_EMPTY_BODY = YES;
				CLANG_WARN_ENUM_CONVERSION = YES;
				CLANG_WARN_INFINITE_RECURSION = YES;
				CLANG_WARN_INT_CONVERSION = YES;
				CLANG_WARN_NON_LITERAL_NULL_CONVERSION = YES;
				CLANG_WARN_OBJC_IMPLICIT_RETAIN_SELF = YES;
				CLANG_WARN_OBJC_LITERAL_CONVERSION = YES;
				CLANG_WARN_OBJC_ROOT_CLASS = YES_ERROR;
				CLANG_WARN_QUOTED_INCLUDE_IN_FRAMEWORK_HEADER = YES;
				CLANG_WARN_RANGE_LOOP_ANALYSIS = YES;
				CLANG_WARN_STRICT_PROTOTYPES = YES;
				CLANG_WARN_SUSPICIOUS_MOVE = YES;
				CLANG_WARN_UNGUARDED_AVAILABILITY = YES_AGGRESSIVE;
				CLANG_WARN_UNREACHABLE_CODE = YES;
				CLANG_WARN__DUPLICATE_METHOD_MATCH = YES;
				COPY_PHASE_STRIP = NO;
				DEBUG_INFORMATION_FORMAT = dwarf;
				ENABLE_STRICT_OBJC_MSGSEND = YES;
				ENABLE_TESTABILITY = YES;
				GCC_C_LANGUAGE_STANDARD = gnu11;
				GCC_DYNAMIC_NO_PIC = NO;
				GCC_NO_COMMON_BLOCKS = YES;
				GCC_OPTIMIZATION_LEVEL = 0;
				GCC_PREPROCESSOR_DEFINITIONS = (
					"DEBUG=1",
					"$(inherited)",
				);
				GCC_WARN_64_TO_32_BIT_CONVERSION = YES;
				GCC_WARN_ABOUT_RETURN_TYPE = YES_ERROR;
				GCC_WARN_UNDECLARED_SELECTOR = YES;
				GCC_WARN_UNINITIALIZED_AUTOS = YES_AGGRESSIVE;
				GCC_WARN_UNUSED_FUNCTION = YES;
				GCC_WARN_UNUSED_VARIABLE = YES;
				IPHONEOS_DEPLOYMENT_TARGET = 14.5;
				MTL_ENABLE_DEBUG_INFO = INCLUDE_SOURCE;
				MTL_FAST_MATH = YES;
				ONLY_ACTIVE_ARCH = YES;
				SDKROOT = iphoneos;
				SWIFT_ACTIVE_COMPILATION_CONDITIONS = DEBUG;
				SWIFT_OPTIMIZATION_LEVEL = "-Onone";
			};
			name = Debug;
		};
		C3B3062A2784B47100097036 /* Release */ = {
			isa = XCBuildConfiguration;
			buildSettings = {
				ALWAYS_SEARCH_USER_PATHS = NO;
				CLANG_ANALYZER_NONNULL = YES;
				CLANG_ANALYZER_NUMBER_OBJECT_CONVERSION = YES_AGGRESSIVE;
				CLANG_CXX_LANGUAGE_STANDARD = "gnu++14";
				CLANG_CXX_LIBRARY = "libc++";
				CLANG_ENABLE_MODULES = YES;
				CLANG_ENABLE_OBJC_ARC = YES;
				CLANG_ENABLE_OBJC_WEAK = YES;
				CLANG_WARN_BLOCK_CAPTURE_AUTORELEASING = YES;
				CLANG_WARN_BOOL_CONVERSION = YES;
				CLANG_WARN_COMMA = YES;
				CLANG_WARN_CONSTANT_CONVERSION = YES;
				CLANG_WARN_DEPRECATED_OBJC_IMPLEMENTATIONS = YES;
				CLANG_WARN_DIRECT_OBJC_ISA_USAGE = YES_ERROR;
				CLANG_WARN_DOCUMENTATION_COMMENTS = YES;
				CLANG_WARN_EMPTY_BODY = YES;
				CLANG_WARN_ENUM_CONVERSION = YES;
				CLANG_WARN_INFINITE_RECURSION = YES;
				CLANG_WARN_INT_CONVERSION = YES;
				CLANG_WARN_NON_LITERAL_NULL_CONVERSION = YES;
				CLANG_WARN_OBJC_IMPLICIT_RETAIN_SELF = YES;
				CLANG_WARN_OBJC_LITERAL_CONVERSION = YES;
				CLANG_WARN_OBJC_ROOT_CLASS = YES_ERROR;
				CLANG_WARN_QUOTED_INCLUDE_IN_FRAMEWORK_HEADER = YES;
				CLANG_WARN_RANGE_LOOP_ANALYSIS = YES;
				CLANG_WARN_STRICT_PROTOTYPES = YES;
				CLANG_WARN_SUSPICIOUS_MOVE = YES;
				CLANG_WARN_UNGUARDED_AVAILABILITY = YES_AGGRESSIVE;
				CLANG_WARN_UNREACHABLE_CODE = YES;
				CLANG_WARN__DUPLICATE_METHOD_MATCH = YES;
				COPY_PHASE_STRIP = NO;
				DEBUG_INFORMATION_FORMAT = "dwarf-with-dsym";
				ENABLE_NS_ASSERTIONS = NO;
				ENABLE_STRICT_OBJC_MSGSEND = YES;
				GCC_C_LANGUAGE_STANDARD = gnu11;
				GCC_NO_COMMON_BLOCKS = YES;
				GCC_WARN_64_TO_32_BIT_CONVERSION = YES;
				GCC_WARN_ABOUT_RETURN_TYPE = YES_ERROR;
				GCC_WARN_UNDECLARED_SELECTOR = YES;
				GCC_WARN_UNINITIALIZED_AUTOS = YES_AGGRESSIVE;
				GCC_WARN_UNUSED_FUNCTION = YES;
				GCC_WARN_UNUSED_VARIABLE = YES;
				IPHONEOS_DEPLOYMENT_TARGET = 14.5;
				MTL_ENABLE_DEBUG_INFO = NO;
				MTL_FAST_MATH = YES;
				SDKROOT = iphoneos;
				SWIFT_COMPILATION_MODE = wholemodule;
				SWIFT_OPTIMIZATION_LEVEL = "-O";
				VALIDATE_PRODUCT = YES;
			};
			name = Release;
		};
		C3B3062C2784B47100097036 /* Debug */ = {
			isa = XCBuildConfiguration;
			buildSettings = {
				ASSETCATALOG_COMPILER_APPICON_NAME = AppIcon;
				ASSETCATALOG_COMPILER_GLOBAL_ACCENT_COLOR_NAME = AccentColor;
				CODE_SIGN_STYLE = Automatic;
				INFOPLIST_FILE = MessengerApp/Info.plist;
				LD_RUNPATH_SEARCH_PATHS = (
					"$(inherited)",
					"@executable_path/Frameworks",
				);
				PRODUCT_BUNDLE_IDENTIFIER = rayanaOmar.MessengerApp;
				PRODUCT_NAME = "$(TARGET_NAME)";
				SWIFT_VERSION = 5.0;
				TARGETED_DEVICE_FAMILY = "1,2";
			};
			name = Debug;
		};
		C3B3062D2784B47100097036 /* Release */ = {
			isa = XCBuildConfiguration;
			buildSettings = {
				ASSETCATALOG_COMPILER_APPICON_NAME = AppIcon;
				ASSETCATALOG_COMPILER_GLOBAL_ACCENT_COLOR_NAME = AccentColor;
				CODE_SIGN_STYLE = Automatic;
				INFOPLIST_FILE = MessengerApp/Info.plist;
				LD_RUNPATH_SEARCH_PATHS = (
					"$(inherited)",
					"@executable_path/Frameworks",
				);
				PRODUCT_BUNDLE_IDENTIFIER = rayanaOmar.MessengerApp;
				PRODUCT_NAME = "$(TARGET_NAME)";
				SWIFT_VERSION = 5.0;
				TARGETED_DEVICE_FAMILY = "1,2";
			};
			name = Release;
		};
/* End XCBuildConfiguration section */

/* Begin XCConfigurationList section */
		C3B306122784B46F00097036 /* Build configuration list for PBXProject "MessengerApp" */ = {
			isa = XCConfigurationList;
			buildConfigurations = (
				C3B306292784B47100097036 /* Debug */,
				C3B3062A2784B47100097036 /* Release */,
			);
			defaultConfigurationIsVisible = 0;
			defaultConfigurationName = Release;
		};
		C3B3062B2784B47100097036 /* Build configuration list for PBXNativeTarget "MessengerApp" */ = {
			isa = XCConfigurationList;
			buildConfigurations = (
				C3B3062C2784B47100097036 /* Debug */,
				C3B3062D2784B47100097036 /* Release */,
			);
			defaultConfigurationIsVisible = 0;
			defaultConfigurationName = Release;
		};
/* End XCConfigurationList section */

/* Begin XCRemoteSwiftPackageReference section */
		C3B306402788B66800097036 /* XCRemoteSwiftPackageReference "firebase-ios-sdk" */ = {
			isa = XCRemoteSwiftPackageReference;
			repositoryURL = "https://github.com/firebase/firebase-ios-sdk";
			requirement = {
				branch = master;
				kind = branch;
			};
		};
		C3B3064F27896EEA00097036 /* XCRemoteSwiftPackageReference "MessageKit" */ = {
			isa = XCRemoteSwiftPackageReference;
			repositoryURL = "https://github.com/MessageKit/MessageKit";
			requirement = {
				branch = master;
				kind = branch;
			};
		};
		C3B3065427897BB900097036 /* XCRemoteSwiftPackageReference "JGProgressHUD" */ = {
			isa = XCRemoteSwiftPackageReference;
			repositoryURL = "https://github.com/JonasGessner/JGProgressHUD";
			requirement = {
				branch = master;
				kind = branch;
			};
		};
/* End XCRemoteSwiftPackageReference section */

/* Begin XCSwiftPackageProductDependency section */
		C3B306412788B66800097036 /* FirebaseAnalytics */ = {
			isa = XCSwiftPackageProductDependency;
			package = C3B306402788B66800097036 /* XCRemoteSwiftPackageReference "firebase-ios-sdk" */;
			productName = FirebaseAnalytics;
		};
		C3B306432788B66800097036 /* FirebaseStorage */ = {
			isa = XCSwiftPackageProductDependency;
			package = C3B306402788B66800097036 /* XCRemoteSwiftPackageReference "firebase-ios-sdk" */;
			productName = FirebaseStorage;
		};
		C3B306452788B66800097036 /* FirebaseAuth */ = {
			isa = XCSwiftPackageProductDependency;
			package = C3B306402788B66800097036 /* XCRemoteSwiftPackageReference "firebase-ios-sdk" */;
			productName = FirebaseAuth;
		};
		C3B306472788B66800097036 /* FirebaseDatabase */ = {
			isa = XCSwiftPackageProductDependency;
			package = C3B306402788B66800097036 /* XCRemoteSwiftPackageReference "firebase-ios-sdk" */;
			productName = FirebaseDatabase;
		};
		C3B3065027896EEA00097036 /* MessageKit */ = {
			isa = XCSwiftPackageProductDependency;
			package = C3B3064F27896EEA00097036 /* XCRemoteSwiftPackageReference "MessageKit" */;
			productName = MessageKit;
		};
		C3B3065527897BB900097036 /* JGProgressHUD */ = {
			isa = XCSwiftPackageProductDependency;
			package = C3B3065427897BB900097036 /* XCRemoteSwiftPackageReference "JGProgressHUD" */;
			productName = JGProgressHUD;
		};
/* End XCSwiftPackageProductDependency section */
	};
	rootObject = C3B3060F2784B46F00097036 /* Project object */;
}
